
Microsoft Visual Studio Solution File, Format Version 12.00
# Visual Studio Version 16
VisualStudioVersion = 16.0.29709.97
MinimumVisualStudioVersion = 10.0.40219.1
Project("{FAE04EC0-301F-11D3-BF4B-00C04F79EFBC}") = "SecWeddingSite", "SecWeddingSite\SecWeddingSite.csproj", "{57A2EA9F-FF58-4F01-8305-CB562D358D58}"
EndProject
Global
	GlobalSection(SolutionConfigurationPlatforms) = preSolution
		Debug|Any CPU = Debug|Any CPU
		Release|Any CPU = Release|Any CPU
	EndGlobalSection
	GlobalSection(ProjectConfigurationPlatforms) = postSolution
		{57A2EA9F-FF58-4F01-8305-CB562D358D58}.Debug|Any CPU.ActiveCfg = Debug|Any CPU
		{57A2EA9F-FF58-4F01-8305-CB562D358D58}.Debug|Any CPU.Build.0 = Debug|Any CPU
		{57A2EA9F-FF58-4F01-8305-CB562D358D58}.Release|Any CPU.ActiveCfg = Release|Any CPU
		{57A2EA9F-FF58-4F01-8305-CB562D358D58}.Release|Any CPU.Build.0 = Release|Any CPU
	EndGlobalSection
	GlobalSection(SolutionProperties) = preSolution
		HideSolutionNode = FALSE
	EndGlobalSection
	GlobalSection(ExtensibilityGlobals) = postSolution
		SolutionGuid = {10056CD6-9188-4460-B75B-3F1CBAF06D09}
	EndGlobalSection
EndGlobal
